
Microsoft Visual Studio Solution File, Format Version 12.00
# Visual Studio Version 16
VisualStudioVersion = 16.0.30114.105
MinimumVisualStudioVersion = 10.0.40219.1
Project("{FAE04EC0-301F-11D3-BF4B-00C04F79EFBC}") = "WebApi.App", "WebApi.App\WebApi.App.csproj", "{44DAC9B0-6049-4CBF-A7C5-38C1F43A6D4A}"
EndProject
Project("{FAE04EC0-301F-11D3-BF4B-00C04F79EFBC}") = "Database.Lib", "Database.Lib\Database.Lib.csproj", "{AF9FDCA8-50B9-4A68-8B40-886B875B2327}"
EndProject
Global
	GlobalSection(SolutionConfigurationPlatforms) = preSolution
		Debug|Any CPU = Debug|Any CPU
		Release|Any CPU = Release|Any CPU
	EndGlobalSection
	GlobalSection(SolutionProperties) = preSolution
		HideSolutionNode = FALSE
	EndGlobalSection
	GlobalSection(ProjectConfigurationPlatforms) = postSolution
		{44DAC9B0-6049-4CBF-A7C5-38C1F43A6D4A}.Debug|Any CPU.ActiveCfg = Debug|Any CPU
		{44DAC9B0-6049-4CBF-A7C5-38C1F43A6D4A}.Debug|Any CPU.Build.0 = Debug|Any CPU
		{44DAC9B0-6049-4CBF-A7C5-38C1F43A6D4A}.Release|Any CPU.ActiveCfg = Release|Any CPU
		{44DAC9B0-6049-4CBF-A7C5-38C1F43A6D4A}.Release|Any CPU.Build.0 = Release|Any CPU
		{AF9FDCA8-50B9-4A68-8B40-886B875B2327}.Debug|Any CPU.ActiveCfg = Debug|Any CPU
		{AF9FDCA8-50B9-4A68-8B40-886B875B2327}.Debug|Any CPU.Build.0 = Debug|Any CPU
		{AF9FDCA8-50B9-4A68-8B40-886B875B2327}.Release|Any CPU.ActiveCfg = Release|Any CPU
		{AF9FDCA8-50B9-4A68-8B40-886B875B2327}.Release|Any CPU.Build.0 = Release|Any CPU
	EndGlobalSection
EndGlobal
